
Microsoft Visual Studio Solution File, Format Version 12.00
# Visual Studio Version 16
VisualStudioVersion = 16.0.30114.105
MinimumVisualStudioVersion = 10.0.40219.1
Project("{9A19103F-16F7-4668-BE54-9A1E7A4F7556}") = "FirstResponsiveWebAppSchellin", "FirstResponsiveWebAppSchellin\FirstResponsiveWebAppSchellin.csproj", "{808B02F7-8305-4BCF-9B9F-AC43F02F4461}"
EndProject
Project("{FAE04EC0-301F-11D3-BF4B-00C04F79EFBC}") = "ResponsiveWebUnitTest", "ResponsiveWebUnitTest\ResponsiveWebUnitTest.csproj", "{F2C52E53-630E-47BD-8E4F-2A25B3C8115F}"
	ProjectSection(ProjectDependencies) = postProject
		{808B02F7-8305-4BCF-9B9F-AC43F02F4461} = {808B02F7-8305-4BCF-9B9F-AC43F02F4461}
	EndProjectSection
EndProject
Global
	GlobalSection(SolutionConfigurationPlatforms) = preSolution
		Debug|Any CPU = Debug|Any CPU
		Release|Any CPU = Release|Any CPU
	EndGlobalSection
	GlobalSection(ProjectConfigurationPlatforms) = postSolution
		{808B02F7-8305-4BCF-9B9F-AC43F02F4461}.Debug|Any CPU.ActiveCfg = Debug|Any CPU
		{808B02F7-8305-4BCF-9B9F-AC43F02F4461}.Debug|Any CPU.Build.0 = Debug|Any CPU
		{808B02F7-8305-4BCF-9B9F-AC43F02F4461}.Release|Any CPU.ActiveCfg = Release|Any CPU
		{808B02F7-8305-4BCF-9B9F-AC43F02F4461}.Release|Any CPU.Build.0 = Release|Any CPU
		{F2C52E53-630E-47BD-8E4F-2A25B3C8115F}.Debug|Any CPU.ActiveCfg = Debug|Any CPU
		{F2C52E53-630E-47BD-8E4F-2A25B3C8115F}.Debug|Any CPU.Build.0 = Debug|Any CPU
		{F2C52E53-630E-47BD-8E4F-2A25B3C8115F}.Release|Any CPU.ActiveCfg = Release|Any CPU
		{F2C52E53-630E-47BD-8E4F-2A25B3C8115F}.Release|Any CPU.Build.0 = Release|Any CPU
	EndGlobalSection
	GlobalSection(SolutionProperties) = preSolution
		HideSolutionNode = FALSE
	EndGlobalSection
	GlobalSection(ExtensibilityGlobals) = postSolution
		SolutionGuid = {CD2B4197-EFD5-4F03-B820-C43E5B9ED341}
	EndGlobalSection
EndGlobal
